
Microsoft Visual Studio Solution File, Format Version 12.00
# Visual Studio 15
VisualStudioVersion = 15.0.28307.329
MinimumVisualStudioVersion = 10.0.40219.1
Project("{FAE04EC0-301F-11D3-BF4B-00C04F79EFBC}") = "NotepadShop.WEB", "NotepadShop\NotepadShop.WEB.csproj", "{A92DF5D1-5614-42AD-BB0D-9D50E84F7D44}"
EndProject
Project("{FAE04EC0-301F-11D3-BF4B-00C04F79EFBC}") = "NotepadShop.DAL", "NotepadShop.DAL\NotepadShop.DAL.csproj", "{6A098B4E-5A92-4093-AFF8-8D52E20CC7AD}"
EndProject
Project("{FAE04EC0-301F-11D3-BF4B-00C04F79EFBC}") = "NotepadShop.DomainModels", "NotepadShop.DomainModels\NotepadShop.DomainModels.csproj", "{F567EF23-1397-4797-88A9-EC7AD5E72D3E}"
EndProject
Project("{FAE04EC0-301F-11D3-BF4B-00C04F79EFBC}") = "NotepadShop.BLL", "NotepadShop.BLL\NotepadShop.BLL.csproj", "{991A1474-DF33-40BC-8B50-9CD77C2AFC73}"
EndProject
Global
	GlobalSection(SolutionConfigurationPlatforms) = preSolution
		Debug|Any CPU = Debug|Any CPU
		Release|Any CPU = Release|Any CPU
	EndGlobalSection
	GlobalSection(ProjectConfigurationPlatforms) = postSolution
		{A92DF5D1-5614-42AD-BB0D-9D50E84F7D44}.Debug|Any CPU.ActiveCfg = Debug|Any CPU
		{A92DF5D1-5614-42AD-BB0D-9D50E84F7D44}.Debug|Any CPU.Build.0 = Debug|Any CPU
		{A92DF5D1-5614-42AD-BB0D-9D50E84F7D44}.Release|Any CPU.ActiveCfg = Release|Any CPU
		{A92DF5D1-5614-42AD-BB0D-9D50E84F7D44}.Release|Any CPU.Build.0 = Release|Any CPU
		{6A098B4E-5A92-4093-AFF8-8D52E20CC7AD}.Debug|Any CPU.ActiveCfg = Debug|Any CPU
		{6A098B4E-5A92-4093-AFF8-8D52E20CC7AD}.Debug|Any CPU.Build.0 = Debug|Any CPU
		{6A098B4E-5A92-4093-AFF8-8D52E20CC7AD}.Release|Any CPU.ActiveCfg = Release|Any CPU
		{6A098B4E-5A92-4093-AFF8-8D52E20CC7AD}.Release|Any CPU.Build.0 = Release|Any CPU
		{F567EF23-1397-4797-88A9-EC7AD5E72D3E}.Debug|Any CPU.ActiveCfg = Debug|Any CPU
		{F567EF23-1397-4797-88A9-EC7AD5E72D3E}.Debug|Any CPU.Build.0 = Debug|Any CPU
		{F567EF23-1397-4797-88A9-EC7AD5E72D3E}.Release|Any CPU.ActiveCfg = Release|Any CPU
		{F567EF23-1397-4797-88A9-EC7AD5E72D3E}.Release|Any CPU.Build.0 = Release|Any CPU
		{991A1474-DF33-40BC-8B50-9CD77C2AFC73}.Debug|Any CPU.ActiveCfg = Debug|Any CPU
		{991A1474-DF33-40BC-8B50-9CD77C2AFC73}.Debug|Any CPU.Build.0 = Debug|Any CPU
		{991A1474-DF33-40BC-8B50-9CD77C2AFC73}.Release|Any CPU.ActiveCfg = Release|Any CPU
		{991A1474-DF33-40BC-8B50-9CD77C2AFC73}.Release|Any CPU.Build.0 = Release|Any CPU
	EndGlobalSection
	GlobalSection(SolutionProperties) = preSolution
		HideSolutionNode = FALSE
	EndGlobalSection
	GlobalSection(ExtensibilityGlobals) = postSolution
		SolutionGuid = {AA984057-4251-4E9F-B4F5-BB0767F8AD1D}
	EndGlobalSection
EndGlobal
